{
  "name": "phase11-worktree",
  "lockfileVersion": 3,
  "requires": true,
  "packages": {
    "": {
      "dependencies": {
        "@datadog/browser-rum": "7.6.1"
      }
    },
    "node_modules/@datadog/browser-core": {
      "version": "7.6.1",
      "resolved": "https://registry.npmjs.org/@datadog/browser-core/-/browser-core-7.6.1.tgz",
      "integrity": "sha512-xfExkTuolUYO/OXOVX+8NY3qi0BQAD9D+FWG85VzkI+921HBpVuo79YRnKtIJlTIplSyJaBKF48voX6he9kpXw==",
      "license": "Apache-2.0",
      "dependencies": {
        "@datadog/js-core": "0.0.7"
      }
    },
    "node_modules/@datadog/browser-rum": {
      "version": "7.6.1",
      "resolved": "https://registry.npmjs.org/@datadog/browser-rum/-/browser-rum-7.6.1.tgz",
      "integrity": "sha512-nNaAlRqW5estVXfayl+WSWyTGtue5l0VPyEJGHWsok2zd9BwlGZ62i1XgON9Mi/cP5U9IlUeRKfOkhq5DWcfNg==",
      "license": "Apache-2.0",
      "dependencies": {
        "@datadog/browser-core": "7.6.1",
        "@datadog/browser-rum-core": "7.6.1",
        "@datadog/js-core": "0.0.7"
      },
      "peerDependencies": {
        "@datadog/browser-logs": "7.6.1"
      },
      "peerDependenciesMeta": {
        "@datadog/browser-logs": {
          "optional": true
        }
      }
    },
    "node_modules/@datadog/browser-rum-core": {
      "version": "7.6.1",
      "resolved": "https://registry.npmjs.org/@datadog/browser-rum-core/-/browser-rum-core-7.6.1.tgz",
      "integrity": "sha512-Dlk8ZRPZ/yjFKUq/swbWPHFg21YYzMPQEwNgdX9fmwWb4Z/Tpd8Tfjehe3Z7cy4SYYHwV8NuwjvseTaYHM4w7g==",
      "license": "Apache-2.0",
      "dependencies": {
        "@datadog/browser-core": "7.6.1",
        "@datadog/js-core": "0.0.7"
      }
    },
    "node_modules/@datadog/js-core": {
      "version": "0.0.7",
      "resolved": "https://registry.npmjs.org/@datadog/js-core/-/js-core-0.0.7.tgz",
      "integrity": "sha512-zthB0nZQ+spdeueG7doqdIxY1BVeOvCPqBDJjm2hyZNuci/wErLzfg/OW/3SvzPGeg8QJryMWIGgPyyw8owqkw==",
      "license": "Apache-2.0"
    }
  }
}
